
Microsoft Visual Studio Solution File, Format Version 12.00
# Visual Studio Version 17
VisualStudioVersion = 17.8.34330.188
MinimumVisualStudioVersion = 10.0.40219.1
Project("{FAE04EC0-301F-11D3-BF4B-00C04F79EFBC}") = "Axiom", "Axiom.csproj", "{E15C683E-8A1D-41EA-92CB-071AB1F2D8D9}"
EndProject
Global
	GlobalSection(SolutionConfigurationPlatforms) = preSolution
		Debug|Any CPU = Debug|Any CPU
		Release|Any CPU = Release|Any CPU
	EndGlobalSection
	GlobalSection(ProjectConfigurationPlatforms) = postSolution
		{E15C683E-8A1D-41EA-92CB-071AB1F2D8D9}.Debug|Any CPU.ActiveCfg = Debug|Any CPU
		{E15C683E-8A1D-41EA-92CB-071AB1F2D8D9}.Debug|Any CPU.Build.0 = Debug|Any CPU
		{E15C683E-8A1D-41EA-92CB-071AB1F2D8D9}.Release|Any CPU.ActiveCfg = Release|Any CPU
		{E15C683E-8A1D-41EA-92CB-071AB1F2D8D9}.Release|Any CPU.Build.0 = Release|Any CPU
	EndGlobalSection
	GlobalSection(SolutionProperties) = preSolution
		HideSolutionNode = FALSE
	EndGlobalSection
	GlobalSection(ExtensibilityGlobals) = postSolution
		SolutionGuid = {8811E217-8382-4C7D-B929-FF46C54805FD}
	EndGlobalSection
EndGlobal
